// !$*UTF8*$!
{
	archiveVersion = 1;
	classes = {
	};
	objectVersion = 50;
	objects = {

/* Begin PBXBuildFile section */
		831A416F24C6F311009A10DB /* AppDelegate.swift in Sources */ = {isa = PBXBuildFile; fileRef = 831A416E24C6F311009A10DB /* AppDelegate.swift */; };
		831A417124C6F311009A10DB /* SceneDelegate.swift in Sources */ = {isa = PBXBuildFile; fileRef = 831A417024C6F311009A10DB /* SceneDelegate.swift */; };
		831A417324C6F311009A10DB /* MainView.swift in Sources */ = {isa = PBXBuildFile; fileRef = 831A417224C6F311009A10DB /* MainView.swift */; };
		831A417524C6F315009A10DB /* Assets.xcassets in Resources */ = {isa = PBXBuildFile; fileRef = 831A417424C6F315009A10DB /* Assets.xcassets */; };
		831A417824C6F315009A10DB /* Preview Assets.xcassets in Resources */ = {isa = PBXBuildFile; fileRef = 831A417724C6F315009A10DB /* Preview Assets.xcassets */; };
		831A417B24C6F315009A10DB /* LaunchScreen.storyboard in Resources */ = {isa = PBXBuildFile; fileRef = 831A417924C6F315009A10DB /* LaunchScreen.storyboard */; };
		831A418624C6F61A009A10DB /* CircleView.swift in Sources */ = {isa = PBXBuildFile; fileRef = 831A418524C6F61A009A10DB /* CircleView.swift */; };
/* End PBXBuildFile section */

/* Begin PBXFileReference section */
		831A416B24C6F311009A10DB /* SwiftUIHomework3.1.app */ = {isa = PBXFileReference; explicitFileType = wrapper.application; includeInIndex = 0; path = SwiftUIHomework3.1.app; sourceTree = BUILT_PRODUCTS_DIR; };
		831A416E24C6F311009A10DB /* AppDelegate.swift */ = {isa = PBXFileReference; lastKnownFileType = sourcecode.swift; path = AppDelegate.swift; sourceTree = "<group>"; };
		831A417024C6F311009A10DB /* SceneDelegate.swift */ = {isa = PBXFileReference; lastKnownFileType = sourcecode.swift; path = SceneDelegate.swift; sourceTree = "<group>"; };
		831A417224C6F311009A10DB /* MainView.swift */ = {isa = PBXFileReference; lastKnownFileType = sourcecode.swift; path = MainView.swift; sourceTree = "<group>"; };
		831A417424C6F315009A10DB /* Assets.xcassets */ = {isa = PBXFileReference; lastKnownFileType = folder.assetcatalog; path = Assets.xcassets; sourceTree = "<group>"; };
		831A417724C6F315009A10DB /* Preview Assets.xcassets */ = {isa = PBXFileReference; lastKnownFileType = folder.assetcatalog; path = "Preview Assets.xcassets"; sourceTree = "<group>"; };
		831A417A24C6F315009A10DB /* Base */ = {isa = PBXFileReference; lastKnownFileType = file.storyboard; name = Base; path = Base.lproj/LaunchScreen.storyboard; sourceTree = "<group>"; };
		831A417C24C6F315009A10DB /* Info.plist */ = {isa = PBXFileReference; lastKnownFileType = text.plist.xml; path = Info.plist; sourceTree = "<group>"; };
		831A418524C6F61A009A10DB /* CircleView.swift */ = {isa = PBXFileReference; lastKnownFileType = sourcecode.swift; path = CircleView.swift; sourceTree = "<group>"; };
/* End PBXFileReference section */

/* Begin PBXFrameworksBuildPhase section */
		831A416824C6F311009A10DB /* Frameworks */ = {
			isa = PBXFrameworksBuildPhase;
			buildActionMask = 2147483647;
			files = (
			);
			runOnlyForDeploymentPostprocessing = 0;
		};
/* End PBXFrameworksBuildPhase section */

/* Begin PBXGroup section */
		831A416224C6F311009A10DB = {
			isa = PBXGroup;
			children = (
				831A416D24C6F311009A10DB /* SwiftUIHomework3.1 */,
				831A416C24C6F311009A10DB /* Products */,
			);
			sourceTree = "<group>";
		};
		831A416C24C6F311009A10DB /* Products */ = {
			isa = PBXGroup;
			children = (
				831A416B24C6F311009A10DB /* SwiftUIHomework3.1.app */,
			);
			name = Products;
			sourceTree = "<group>";
		};
		831A416D24C6F311009A10DB /* SwiftUIHomework3.1 */ = {
			isa = PBXGroup;
			children = (
				831A418224C6F32C009A10DB /* Views */,
				831A418424C6F35B009A10DB /* Resources */,
				831A418324C6F334009A10DB /* SupportingFiles */,
				831A417624C6F315009A10DB /* Preview Content */,
			);
			path = SwiftUIHomework3.1;
			sourceTree = "<group>";
		};
		831A417624C6F315009A10DB /* Preview Content */ = {
			isa = PBXGroup;
			children = (
				831A417724C6F315009A10DB /* Preview Assets.xcassets */,
			);
			path = "Preview Content";
			sourceTree = "<group>";
		};
		831A418224C6F32C009A10DB /* Views */ = {
			isa = PBXGroup;
			children = (
				831A417224C6F311009A10DB /* MainView.swift */,
				831A418524C6F61A009A10DB /* CircleView.swift */,
				831A417924C6F315009A10DB /* LaunchScreen.storyboard */,
			);
			path = Views;
			sourceTree = "<group>";
		};
		831A418324C6F334009A10DB /* SupportingFiles */ = {
			isa = PBXGroup;
			children = (
				831A416E24C6F311009A10DB /* AppDelegate.swift */,
				831A417024C6F311009A10DB /* SceneDelegate.swift */,
				831A417C24C6F315009A10DB /* Info.plist */,
			);
			path = SupportingFiles;
			sourceTree = "<group>";
		};
		831A418424C6F35B009A10DB /* Resources */ = {
			isa = PBXGroup;
			children = (
				831A417424C6F315009A10DB /* Assets.xcassets */,
			);
			path = Resources;
			sourceTree = "<group>";
		};
/* End PBXGroup section */

/* Begin PBXNativeTarget section */
		831A416A24C6F311009A10DB /* SwiftUIHomework3.1 */ = {
			isa = PBXNativeTarget;
			buildConfigurationList = 831A417F24C6F315009A10DB /* Build configuration list for PBXNativeTarget "SwiftUIHomework3.1" */;
			buildPhases = (
				831A416724C6F311009A10DB /* Sources */,
				831A416824C6F311009A10DB /* Frameworks */,
				831A416924C6F311009A10DB /* Resources */,
			);
			buildRules = (
			);
			dependencies = (
			);
			name = SwiftUIHomework3.1;
			productName = SwiftUIHomework3.1;
			productReference = 831A416B24C6F311009A10DB /* SwiftUIHomework3.1.app */;
			productType = "com.apple.product-type.application";
		};
/* End PBXNativeTarget section */

/* Begin PBXProject section */
		831A416324C6F311009A10DB /* Project object */ = {
			isa = PBXProject;
			attributes = {
				LastSwiftUpdateCheck = 1160;
				LastUpgradeCheck = 1160;
				ORGANIZATIONNAME = edlar.ru;
				TargetAttributes = {
					831A416A24C6F311009A10DB = {
						CreatedOnToolsVersion = 11.6;
					};
				};
			};
			buildConfigurationList = 831A416624C6F311009A10DB /* Build configuration list for PBXProject "SwiftUIHomework3.1" */;
			compatibilityVersion = "Xcode 9.3";
			developmentRegion = en;
			hasScannedForEncodings = 0;
			knownRegions = (
				en,
				Base,
			);
			mainGroup = 831A416224C6F311009A10DB;
			productRefGroup = 831A416C24C6F311009A10DB /* Products */;
			projectDirPath = "";
			projectRoot = "";
			targets = (
				831A416A24C6F311009A10DB /* SwiftUIHomework3.1 */,
			);
		};
/* End PBXProject section */

/* Begin PBXResourcesBuildPhase section */
		831A416924C6F311009A10DB /* Resources */ = {
			isa = PBXResourcesBuildPhase;
			buildActionMask = 2147483647;
			files = (
				831A417B24C6F315009A10DB /* LaunchScreen.storyboard in Resources */,
				831A417824C6F315009A10DB /* Preview Assets.xcassets in Resources */,
				831A417524C6F315009A10DB /* Assets.xcassets in Resources */,
			);
			runOnlyForDeploymentPostprocessing = 0;
		};
/* End PBXResourcesBuildPhase section */

/* Begin PBXSourcesBuildPhase section */
		831A416724C6F311009A10DB /* Sources */ = {
			isa = PBXSourcesBuildPhase;
			buildActionMask = 2147483647;
			files = (
				831A418624C6F61A009A10DB /* CircleView.swift in Sources */,
				831A416F24C6F311009A10DB /* AppDelegate.swift in Sources */,
				831A417124C6F311009A10DB /* SceneDelegate.swift in Sources */,
				831A417324C6F311009A10DB /* MainView.swift in Sources */,
			);
			runOnlyForDeploymentPostprocessing = 0;
		};
/* End PBXSourcesBuildPhase section */

/* Begin PBXVariantGroup section */
		831A417924C6F315009A10DB /* LaunchScreen.storyboard */ = {
			isa = PBXVariantGroup;
			children = (
				831A417A24C6F315009A10DB /* Base */,
			);
			name = LaunchScreen.storyboard;
			sourceTree = "<group>";
		};
/* End PBXVariantGroup section */

/* Begin XCBuildConfiguration section */
		831A417D24C6F315009A10DB /* Debug */ = {
			isa = XCBuildConfiguration;
			buildSettings = {
				ALWAYS_SEARCH_USER_PATHS = NO;
				CLANG_ANALYZER_NONNULL = YES;
				CLANG_ANALYZER_NUMBER_OBJECT_CONVERSION = YES_AGGRESSIVE;
				CLANG_CXX_LANGUAGE_STANDARD = "gnu++14";
				CLANG_CXX_LIBRARY = "libc++";
				CLANG_ENABLE_MODULES = YES;
				CLANG_ENABLE_OBJC_ARC = YES;
				CLANG_ENABLE_OBJC_WEAK = YES;
				CLANG_WARN_BLOCK_CAPTURE_AUTORELEASING = YES;
				CLANG_WARN_BOOL_CONVERSION = YES;
				CLANG_WARN_COMMA = YES;
				CLANG_WARN_CONSTANT_CONVERSION = YES;
				CLANG_WARN_DEPRECATED_OBJC_IMPLEMENTATIONS = YES;
				CLANG_WARN_DIRECT_OBJC_ISA_USAGE = YES_ERROR;
				CLANG_WARN_DOCUMENTATION_COMMENTS = YES;
				CLANG_WARN_EMPTY_BODY = YES;
				CLANG_WARN_ENUM_CONVERSION = YES;
				CLANG_WARN_INFINITE_RECURSION = YES;
				CLANG_WARN_INT_CONVERSION = YES;
				CLANG_WARN_NON_LITERAL_NULL_CONVERSION = YES;
				CLANG_WARN_OBJC_IMPLICIT_RETAIN_SELF = YES;
				CLANG_WARN_OBJC_LITERAL_CONVERSION = YES;
				CLANG_WARN_OBJC_ROOT_CLASS = YES_ERROR;
				CLANG_WARN_RANGE_LOOP_ANALYSIS = YES;
				CLANG_WARN_STRICT_PROTOTYPES = YES;
				CLANG_WARN_SUSPICIOUS_MOVE = YES;
				CLANG_WARN_UNGUARDED_AVAILABILITY = YES_AGGRESSIVE;
				CLANG_WARN_UNREACHABLE_CODE = YES;
				CLANG_WARN__DUPLICATE_METHOD_MATCH = YES;
				COPY_PHASE_STRIP = NO;
				DEBUG_INFORMATION_FORMAT = dwarf;
				ENABLE_STRICT_OBJC_MSGSEND = YES;
				ENABLE_TESTABILITY = YES;
				GCC_C_LANGUAGE_STANDARD = gnu11;
				GCC_DYNAMIC_NO_PIC = NO;
				GCC_NO_COMMON_BLOCKS = YES;
				GCC_OPTIMIZATION_LEVEL = 0;
				GCC_PREPROCESSOR_DEFINITIONS = (
					"DEBUG=1",
					"$(inherited)",
				);
				GCC_WARN_64_TO_32_BIT_CONVERSION = YES;
				GCC_WARN_ABOUT_RETURN_TYPE = YES_ERROR;
				GCC_WARN_UNDECLARED_SELECTOR = YES;
				GCC_WARN_UNINITIALIZED_AUTOS = YES_AGGRESSIVE;
				GCC_WARN_UNUSED_FUNCTION = YES;
				GCC_WARN_UNUSED_VARIABLE = YES;
				IPHONEOS_DEPLOYMENT_TARGET = 13.6;
				MTL_ENABLE_DEBUG_INFO = INCLUDE_SOURCE;
				MTL_FAST_MATH = YES;
				ONLY_ACTIVE_ARCH = YES;
				SDKROOT = iphoneos;
				SWIFT_ACTIVE_COMPILATION_CONDITIONS = DEBUG;
				SWIFT_OPTIMIZATION_LEVEL = "-Onone";
			};
			name = Debug;
		};
		831A417E24C6F315009A10DB /* Release */ = {
			isa = XCBuildConfiguration;
			buildSettings = {
				ALWAYS_SEARCH_USER_PATHS = NO;
				CLANG_ANALYZER_NONNULL = YES;
				CLANG_ANALYZER_NUMBER_OBJECT_CONVERSION = YES_AGGRESSIVE;
				CLANG_CXX_LANGUAGE_STANDARD = "gnu++14";
				CLANG_CXX_LIBRARY = "libc++";
				CLANG_ENABLE_MODULES = YES;
				CLANG_ENABLE_OBJC_ARC = YES;
				CLANG_ENABLE_OBJC_WEAK = YES;
				CLANG_WARN_BLOCK_CAPTURE_AUTORELEASING = YES;
				CLANG_WARN_BOOL_CONVERSION = YES;
				CLANG_WARN_COMMA = YES;
				CLANG_WARN_CONSTANT_CONVERSION = YES;
				CLANG_WARN_DEPRECATED_OBJC_IMPLEMENTATIONS = YES;
				CLANG_WARN_DIRECT_OBJC_ISA_USAGE = YES_ERROR;
				CLANG_WARN_DOCUMENTATION_COMMENTS = YES;
				CLANG_WARN_EMPTY_BODY = YES;
				CLANG_WARN_ENUM_CONVERSION = YES;
				CLANG_WARN_INFINITE_RECURSION = YES;
				CLANG_WARN_INT_CONVERSION = YES;
				CLANG_WARN_NON_LITERAL_NULL_CONVERSION = YES;
				CLANG_WARN_OBJC_IMPLICIT_RETAIN_SELF = YES;
				CLANG_WARN_OBJC_LITERAL_CONVERSION = YES;
				CLANG_WARN_OBJC_ROOT_CLASS = YES_ERROR;
				CLANG_WARN_RANGE_LOOP_ANALYSIS = YES;
				CLANG_WARN_STRICT_PROTOTYPES = YES;
				CLANG_WARN_SUSPICIOUS_MOVE = YES;
				CLANG_WARN_UNGUARDED_AVAILABILITY = YES_AGGRESSIVE;
				CLANG_WARN_UNREACHABLE_CODE = YES;
				CLANG_WARN__DUPLICATE_METHOD_MATCH = YES;
				COPY_PHASE_STRIP = NO;
				DEBUG_INFORMATION_FORMAT = "dwarf-with-dsym";
				ENABLE_NS_ASSERTIONS = NO;
				ENABLE_STRICT_OBJC_MSGSEND = YES;
				GCC_C_LANGUAGE_STANDARD = gnu11;
				GCC_NO_COMMON_BLOCKS = YES;
				GCC_WARN_64_TO_32_BIT_CONVERSION = YES;
				GCC_WARN_ABOUT_RETURN_TYPE = YES_ERROR;
				GCC_WARN_UNDECLARED_SELECTOR = YES;
				GCC_WARN_UNINITIALIZED_AUTOS = YES_AGGRESSIVE;
				GCC_WARN_UNUSED_FUNCTION = YES;
				GCC_WARN_UNUSED_VARIABLE = YES;
				IPHONEOS_DEPLOYMENT_TARGET = 13.6;
				MTL_ENABLE_DEBUG_INFO = NO;
				MTL_FAST_MATH = YES;
				SDKROOT = iphoneos;
				SWIFT_COMPILATION_MODE = wholemodule;
				SWIFT_OPTIMIZATION_LEVEL = "-O";
				VALIDATE_PRODUCT = YES;
			};
			name = Release;
		};
		831A418024C6F315009A10DB /* Debug */ = {
			isa = XCBuildConfiguration;
			buildSettings = {
				ASSETCATALOG_COMPILER_APPICON_NAME = AppIcon;
				CODE_SIGN_STYLE = Automatic;
				DEVELOPMENT_ASSET_PATHS = "\"SwiftUIHomework3.1/Preview Content\"";
				DEVELOPMENT_TEAM = NQ25V2WSYR;
				ENABLE_PREVIEWS = YES;
				INFOPLIST_FILE = "$(SRCROOT)/SwiftUIHomework3.1/SupportingFiles/Info.plist";
				LD_RUNPATH_SEARCH_PATHS = (
					"$(inherited)",
					"@executable_path/Frameworks",
				);
				PRODUCT_BUNDLE_IDENTIFIER = "ru.edlar.SwiftUIHomework3-1";
				PRODUCT_NAME = "$(TARGET_NAME)";
				SWIFT_VERSION = 5.0;
				TARGETED_DEVICE_FAMILY = "1,2";
			};
			name = Debug;
		};
		831A418124C6F315009A10DB /* Release */ = {
			isa = XCBuildConfiguration;
			buildSettings = {
				ASSETCATALOG_COMPILER_APPICON_NAME = AppIcon;
				CODE_SIGN_STYLE = Automatic;
				DEVELOPMENT_ASSET_PATHS = "\"SwiftUIHomework3.1/Preview Content\"";
				DEVELOPMENT_TEAM = NQ25V2WSYR;
				ENABLE_PREVIEWS = YES;
				INFOPLIST_FILE = "$(SRCROOT)/SwiftUIHomework3.1/SupportingFiles/Info.plist";
				LD_RUNPATH_SEARCH_PATHS = (
					"$(inherited)",
					"@executable_path/Frameworks",
				);
				PRODUCT_BUNDLE_IDENTIFIER = "ru.edlar.SwiftUIHomework3-1";
				PRODUCT_NAME = "$(TARGET_NAME)";
				SWIFT_VERSION = 5.0;
				TARGETED_DEVICE_FAMILY = "1,2";
			};
			name = Release;
		};
/* End XCBuildConfiguration section */

/* Begin XCConfigurationList section */
		831A416624C6F311009A10DB /* Build configuration list for PBXProject "SwiftUIHomework3.1" */ = {
			isa = XCConfigurationList;
			buildConfigurations = (
				831A417D24C6F315009A10DB /* Debug */,
				831A417E24C6F315009A10DB /* Release */,
			);
			defaultConfigurationIsVisible = 0;
			defaultConfigurationName = Release;
		};
		831A417F24C6F315009A10DB /* Build configuration list for PBXNativeTarget "SwiftUIHomework3.1" */ = {
			isa = XCConfigurationList;
			buildConfigurations = (
				831A418024C6F315009A10DB /* Debug */,
				831A418124C6F315009A10DB /* Release */,
			);
			defaultConfigurationIsVisible = 0;
			defaultConfigurationName = Release;
		};
/* End XCConfigurationList section */
	};
	rootObject = 831A416324C6F311009A10DB /* Project object */;
}
